// !$*UTF8*$!
{
	archiveVersion = 1;
	classes = {
	};
	objectVersion = 50;
	objects = {

/* Begin PBXBuildFile section */
		4611FFAE2184EE3100A65989 /* UIViewControllerExtensions.swift in Sources */ = {isa = PBXBuildFile; fileRef = 4611FFAD2184EE3100A65989 /* UIViewControllerExtensions.swift */; };
		463135502182180400735782 /* Assets.xcassets in Resources */ = {isa = PBXBuildFile; fileRef = 4631354F2182180400735782 /* Assets.xcassets */; };
		4659920B2181F06000B3A3AC /* AppDelegate.swift in Sources */ = {isa = PBXBuildFile; fileRef = 4659920A2181F06000B3A3AC /* AppDelegate.swift */; };
		465992102181F06000B3A3AC /* Main.storyboard in Resources */ = {isa = PBXBuildFile; fileRef = 4659920E2181F06000B3A3AC /* Main.storyboard */; };
		465992152181F06000B3A3AC /* LaunchScreen.storyboard in Resources */ = {isa = PBXBuildFile; fileRef = 465992132181F06000B3A3AC /* LaunchScreen.storyboard */; };
		46964F332187091200089465 /* AppColors.swift in Sources */ = {isa = PBXBuildFile; fileRef = 46964F322187091200089465 /* AppColors.swift */; };
		46964F3521870D5800089465 /* Colors.xcassets in Resources */ = {isa = PBXBuildFile; fileRef = 46964F3421870D5800089465 /* Colors.xcassets */; };
		469C61B42183A009000FA6E9 /* SigninController.swift in Sources */ = {isa = PBXBuildFile; fileRef = 469C61B32183A009000FA6E9 /* SigninController.swift */; };
		469C61B72183A5C9000FA6E9 /* TextFieldExtensions.swift in Sources */ = {isa = PBXBuildFile; fileRef = 469C61B62183A5C9000FA6E9 /* TextFieldExtensions.swift */; };
		469C61B92183B732000FA6E9 /* User.swift in Sources */ = {isa = PBXBuildFile; fileRef = 469C61B82183B732000FA6E9 /* User.swift */; };
		469C61BC2183B84B000FA6E9 /* Networking.swift in Sources */ = {isa = PBXBuildFile; fileRef = 469C61BB2183B84B000FA6E9 /* Networking.swift */; };
		469C61BF2183B8FB000FA6E9 /* NetworkError.swift in Sources */ = {isa = PBXBuildFile; fileRef = 469C61BE2183B8FB000FA6E9 /* NetworkError.swift */; };
		469C61C12183BA52000FA6E9 /* Network.swift in Sources */ = {isa = PBXBuildFile; fileRef = 469C61C02183BA52000FA6E9 /* Network.swift */; };
		469C61C42183BB8A000FA6E9 /* ProfileServicing.swift in Sources */ = {isa = PBXBuildFile; fileRef = 469C61C32183BB8A000FA6E9 /* ProfileServicing.swift */; };
		469C61C62183BBF3000FA6E9 /* ProfileService.swift in Sources */ = {isa = PBXBuildFile; fileRef = 469C61C52183BBF3000FA6E9 /* ProfileService.swift */; };
		469C61C82183BC54000FA6E9 /* Constants.swift in Sources */ = {isa = PBXBuildFile; fileRef = 469C61C72183BC54000FA6E9 /* Constants.swift */; };
		469C61CA2183C182000FA6E9 /* UIButtonExtensions.swift in Sources */ = {isa = PBXBuildFile; fileRef = 469C61C92183C182000FA6E9 /* UIButtonExtensions.swift */; };
		469C61CC2183C589000FA6E9 /* ProfileController.swift in Sources */ = {isa = PBXBuildFile; fileRef = 469C61CB2183C589000FA6E9 /* ProfileController.swift */; };
		46BAC63C2183DF1E00F19B53 /* StorageRepositoring.swift in Sources */ = {isa = PBXBuildFile; fileRef = 46BAC63B2183DF1E00F19B53 /* StorageRepositoring.swift */; };
		46BAC63E2183E00800F19B53 /* RealmRepository.swift in Sources */ = {isa = PBXBuildFile; fileRef = 46BAC63D2183E00800F19B53 /* RealmRepository.swift */; };
		46BAC6402183E1DD00F19B53 /* AuthServicing.swift in Sources */ = {isa = PBXBuildFile; fileRef = 46BAC63F2183E1DD00F19B53 /* AuthServicing.swift */; };
		46BAC6422183E27E00F19B53 /* AuthService.swift in Sources */ = {isa = PBXBuildFile; fileRef = 46BAC6412183E27E00F19B53 /* AuthService.swift */; };
		B2EFCBFCC87BB53794DFD0AD /* Pods_AuthTemplate.framework in Frameworks */ = {isa = PBXBuildFile; fileRef = 751CCA921F5177032688F513 /* Pods_AuthTemplate.framework */; };
/* End PBXBuildFile section */

/* Begin PBXFileReference section */
		2A6CB2D452704338BB0C452A /* Pods-AuthTemplate.release.xcconfig */ = {isa = PBXFileReference; includeInIndex = 1; lastKnownFileType = text.xcconfig; name = "Pods-AuthTemplate.release.xcconfig"; path = "Pods/Target Support Files/Pods-AuthTemplate/Pods-AuthTemplate.release.xcconfig"; sourceTree = "<group>"; };
		4611FFAD2184EE3100A65989 /* UIViewControllerExtensions.swift */ = {isa = PBXFileReference; lastKnownFileType = sourcecode.swift; path = UIViewControllerExtensions.swift; sourceTree = "<group>"; };
		4631354F2182180400735782 /* Assets.xcassets */ = {isa = PBXFileReference; lastKnownFileType = folder.assetcatalog; path = Assets.xcassets; sourceTree = "<group>"; };
		465992072181F06000B3A3AC /* AuthTemplate.app */ = {isa = PBXFileReference; explicitFileType = wrapper.application; includeInIndex = 0; path = AuthTemplate.app; sourceTree = BUILT_PRODUCTS_DIR; };
		4659920A2181F06000B3A3AC /* AppDelegate.swift */ = {isa = PBXFileReference; lastKnownFileType = sourcecode.swift; path = AppDelegate.swift; sourceTree = "<group>"; };
		4659920F2181F06000B3A3AC /* Base */ = {isa = PBXFileReference; lastKnownFileType = file.storyboard; name = Base; path = Base.lproj/Main.storyboard; sourceTree = "<group>"; };
		465992142181F06000B3A3AC /* Base */ = {isa = PBXFileReference; lastKnownFileType = file.storyboard; name = Base; path = Base.lproj/LaunchScreen.storyboard; sourceTree = "<group>"; };
		465992162181F06000B3A3AC /* Info.plist */ = {isa = PBXFileReference; lastKnownFileType = text.plist.xml; path = Info.plist; sourceTree = "<group>"; };
		46964F322187091200089465 /* AppColors.swift */ = {isa = PBXFileReference; lastKnownFileType = sourcecode.swift; path = AppColors.swift; sourceTree = "<group>"; };
		46964F3421870D5800089465 /* Colors.xcassets */ = {isa = PBXFileReference; lastKnownFileType = folder.assetcatalog; path = Colors.xcassets; sourceTree = "<group>"; };
		469C61B32183A009000FA6E9 /* SigninController.swift */ = {isa = PBXFileReference; lastKnownFileType = sourcecode.swift; path = SigninController.swift; sourceTree = "<group>"; };
		469C61B62183A5C9000FA6E9 /* TextFieldExtensions.swift */ = {isa = PBXFileReference; lastKnownFileType = sourcecode.swift; path = TextFieldExtensions.swift; sourceTree = "<group>"; };
		469C61B82183B732000FA6E9 /* User.swift */ = {isa = PBXFileReference; lastKnownFileType = sourcecode.swift; path = User.swift; sourceTree = "<group>"; };
		469C61BB2183B84B000FA6E9 /* Networking.swift */ = {isa = PBXFileReference; lastKnownFileType = sourcecode.swift; path = Networking.swift; sourceTree = "<group>"; };
		469C61BE2183B8FB000FA6E9 /* NetworkError.swift */ = {isa = PBXFileReference; lastKnownFileType = sourcecode.swift; path = NetworkError.swift; sourceTree = "<group>"; };
		469C61C02183BA52000FA6E9 /* Network.swift */ = {isa = PBXFileReference; lastKnownFileType = sourcecode.swift; path = Network.swift; sourceTree = "<group>"; };
		469C61C32183BB8A000FA6E9 /* ProfileServicing.swift */ = {isa = PBXFileReference; lastKnownFileType = sourcecode.swift; path = ProfileServicing.swift; sourceTree = "<group>"; };
		469C61C52183BBF3000FA6E9 /* ProfileService.swift */ = {isa = PBXFileReference; lastKnownFileType = sourcecode.swift; path = ProfileService.swift; sourceTree = "<group>"; };
		469C61C72183BC54000FA6E9 /* Constants.swift */ = {isa = PBXFileReference; lastKnownFileType = sourcecode.swift; path = Constants.swift; sourceTree = "<group>"; };
		469C61C92183C182000FA6E9 /* UIButtonExtensions.swift */ = {isa = PBXFileReference; lastKnownFileType = sourcecode.swift; path = UIButtonExtensions.swift; sourceTree = "<group>"; };
		469C61CB2183C589000FA6E9 /* ProfileController.swift */ = {isa = PBXFileReference; lastKnownFileType = sourcecode.swift; path = ProfileController.swift; sourceTree = "<group>"; };
		46BAC63B2183DF1E00F19B53 /* StorageRepositoring.swift */ = {isa = PBXFileReference; lastKnownFileType = sourcecode.swift; path = StorageRepositoring.swift; sourceTree = "<group>"; };
		46BAC63D2183E00800F19B53 /* RealmRepository.swift */ = {isa = PBXFileReference; lastKnownFileType = sourcecode.swift; path = RealmRepository.swift; sourceTree = "<group>"; };
		46BAC63F2183E1DD00F19B53 /* AuthServicing.swift */ = {isa = PBXFileReference; lastKnownFileType = sourcecode.swift; path = AuthServicing.swift; sourceTree = "<group>"; };
		46BAC6412183E27E00F19B53 /* AuthService.swift */ = {isa = PBXFileReference; lastKnownFileType = sourcecode.swift; path = AuthService.swift; sourceTree = "<group>"; };
		751CCA921F5177032688F513 /* Pods_AuthTemplate.framework */ = {isa = PBXFileReference; explicitFileType = wrapper.framework; includeInIndex = 0; path = Pods_AuthTemplate.framework; sourceTree = BUILT_PRODUCTS_DIR; };
		AAC7E9088314CD7F320DCD40 /* Pods-AuthTemplate.debug.xcconfig */ = {isa = PBXFileReference; includeInIndex = 1; lastKnownFileType = text.xcconfig; name = "Pods-AuthTemplate.debug.xcconfig"; path = "Pods/Target Support Files/Pods-AuthTemplate/Pods-AuthTemplate.debug.xcconfig"; sourceTree = "<group>"; };
/* End PBXFileReference section */

/* Begin PBXFrameworksBuildPhase section */
		465992042181F06000B3A3AC /* Frameworks */ = {
			isa = PBXFrameworksBuildPhase;
			buildActionMask = 2147483647;
			files = (
				B2EFCBFCC87BB53794DFD0AD /* Pods_AuthTemplate.framework in Frameworks */,
			);
			runOnlyForDeploymentPostprocessing = 0;
		};
/* End PBXFrameworksBuildPhase section */

/* Begin PBXGroup section */
		463135472182161200735782 /* Infrastructure */ = {
			isa = PBXGroup;
			children = (
				46BAC63A2183DEE900F19B53 /* DAL */,
				469C61C22183BB5E000FA6E9 /* Services */,
				469C61BA2183B83B000FA6E9 /* REST */,
				469C61C72183BC54000FA6E9 /* Constants.swift */,
			);
			path = Infrastructure;
			sourceTree = "<group>";
		};
		463135482182162800735782 /* Model */ = {
			isa = PBXGroup;
			children = (
				469C61B82183B732000FA6E9 /* User.swift */,
			);
			path = Model;
			sourceTree = "<group>";
		};
		463135492182162F00735782 /* View */ = {
			isa = PBXGroup;
			children = (
				4659920E2181F06000B3A3AC /* Main.storyboard */,
				465992132181F06000B3A3AC /* LaunchScreen.storyboard */,
			);
			path = View;
			sourceTree = "<group>";
		};
		4631354A2182163500735782 /* Controller */ = {
			isa = PBXGroup;
			children = (
				469C61B32183A009000FA6E9 /* SigninController.swift */,
				469C61CB2183C589000FA6E9 /* ProfileController.swift */,
			);
			path = Controller;
			sourceTree = "<group>";
		};
		4631354E2182179000735782 /* Resources */ = {
			isa = PBXGroup;
			children = (
				46964F3421870D5800089465 /* Colors.xcassets */,
				4631354F2182180400735782 /* Assets.xcassets */,
				46964F322187091200089465 /* AppColors.swift */,
			);
			path = Resources;
			sourceTree = "<group>";
		};
		465991FE2181F06000B3A3AC = {
			isa = PBXGroup;
			children = (
				465992092181F06000B3A3AC /* AuthTemplate */,
				465992082181F06000B3A3AC /* Products */,
				B89418F9019A62C82AC26FBC /* Pods */,
				6C9184DFECDF3D17DB61287F /* Frameworks */,
			);
			sourceTree = "<group>";
		};
		465992082181F06000B3A3AC /* Products */ = {
			isa = PBXGroup;
			children = (
				465992072181F06000B3A3AC /* AuthTemplate.app */,
			);
			name = Products;
			sourceTree = "<group>";
		};
		465992092181F06000B3A3AC /* AuthTemplate */ = {
			isa = PBXGroup;
			children = (
				469C61BD2183B8BF000FA6E9 /* Enum */,
				463135482182162800735782 /* Model */,
				463135472182161200735782 /* Infrastructure */,
				4631354A2182163500735782 /* Controller */,
				463135492182162F00735782 /* View */,
				469C61B52183A5B0000FA6E9 /* Extensions */,
				4631354E2182179000735782 /* Resources */,
				4659920A2181F06000B3A3AC /* AppDelegate.swift */,
				465992162181F06000B3A3AC /* Info.plist */,
			);
			path = AuthTemplate;
			sourceTree = "<group>";
		};
		469C61B52183A5B0000FA6E9 /* Extensions */ = {
			isa = PBXGroup;
			children = (
				469C61B62183A5C9000FA6E9 /* TextFieldExtensions.swift */,
				469C61C92183C182000FA6E9 /* UIButtonExtensions.swift */,
				4611FFAD2184EE3100A65989 /* UIViewControllerExtensions.swift */,
			);
			path = Extensions;
			sourceTree = "<group>";
		};
		469C61BA2183B83B000FA6E9 /* REST */ = {
			isa = PBXGroup;
			children = (
				469C61BB2183B84B000FA6E9 /* Networking.swift */,
				469C61C02183BA52000FA6E9 /* Network.swift */,
			);
			path = REST;
			sourceTree = "<group>";
		};
		469C61BD2183B8BF000FA6E9 /* Enum */ = {
			isa = PBXGroup;
			children = (
				469C61BE2183B8FB000FA6E9 /* NetworkError.swift */,
			);
			path = Enum;
			sourceTree = "<group>";
		};
		469C61C22183BB5E000FA6E9 /* Services */ = {
			isa = PBXGroup;
			children = (
				469C61C32183BB8A000FA6E9 /* ProfileServicing.swift */,
				469C61C52183BBF3000FA6E9 /* ProfileService.swift */,
				46BAC63F2183E1DD00F19B53 /* AuthServicing.swift */,
				46BAC6412183E27E00F19B53 /* AuthService.swift */,
			);
			path = Services;
			sourceTree = "<group>";
		};
		46BAC63A2183DEE900F19B53 /* DAL */ = {
			isa = PBXGroup;
			children = (
				46BAC63B2183DF1E00F19B53 /* StorageRepositoring.swift */,
				46BAC63D2183E00800F19B53 /* RealmRepository.swift */,
			);
			path = DAL;
			sourceTree = "<group>";
		};
		6C9184DFECDF3D17DB61287F /* Frameworks */ = {
			isa = PBXGroup;
			children = (
				751CCA921F5177032688F513 /* Pods_AuthTemplate.framework */,
			);
			name = Frameworks;
			sourceTree = "<group>";
		};
		B89418F9019A62C82AC26FBC /* Pods */ = {
			isa = PBXGroup;
			children = (
				AAC7E9088314CD7F320DCD40 /* Pods-AuthTemplate.debug.xcconfig */,
				2A6CB2D452704338BB0C452A /* Pods-AuthTemplate.release.xcconfig */,
			);
			name = Pods;
			sourceTree = "<group>";
		};
/* End PBXGroup section */

/* Begin PBXNativeTarget section */
		465992062181F06000B3A3AC /* AuthTemplate */ = {
			isa = PBXNativeTarget;
			buildConfigurationList = 465992192181F06000B3A3AC /* Build configuration list for PBXNativeTarget "AuthTemplate" */;
			buildPhases = (
				D4A6E840962F4309DA8E23D5 /* [CP] Check Pods Manifest.lock */,
				465992032181F06000B3A3AC /* Sources */,
				465992042181F06000B3A3AC /* Frameworks */,
				465992052181F06000B3A3AC /* Resources */,
				10DC1E729FAD6BEC224340A1 /* [CP] Embed Pods Frameworks */,
				28956F35596F03ADF430F833 /* [CP] Copy Pods Resources */,
			);
			buildRules = (
			);
			dependencies = (
			);
			name = AuthTemplate;
			productName = AuthTemplate;
			productReference = 465992072181F06000B3A3AC /* AuthTemplate.app */;
			productType = "com.apple.product-type.application";
		};
/* End PBXNativeTarget section */

/* Begin PBXProject section */
		465991FF2181F06000B3A3AC /* Project object */ = {
			isa = PBXProject;
			attributes = {
				LastSwiftUpdateCheck = 1000;
				LastUpgradeCheck = 1000;
				ORGANIZATIONNAME = Freeman;
				TargetAttributes = {
					465992062181F06000B3A3AC = {
						CreatedOnToolsVersion = 10.0;
					};
				};
			};
			buildConfigurationList = 465992022181F06000B3A3AC /* Build configuration list for PBXProject "AuthTemplate" */;
			compatibilityVersion = "Xcode 9.3";
			developmentRegion = en;
			hasScannedForEncodings = 0;
			knownRegions = (
				en,
				Base,
			);
			mainGroup = 465991FE2181F06000B3A3AC;
			productRefGroup = 465992082181F06000B3A3AC /* Products */;
			projectDirPath = "";
			projectRoot = "";
			targets = (
				465992062181F06000B3A3AC /* AuthTemplate */,
			);
		};
/* End PBXProject section */

/* Begin PBXResourcesBuildPhase section */
		465992052181F06000B3A3AC /* Resources */ = {
			isa = PBXResourcesBuildPhase;
			buildActionMask = 2147483647;
			files = (
				465992152181F06000B3A3AC /* LaunchScreen.storyboard in Resources */,
				46964F3521870D5800089465 /* Colors.xcassets in Resources */,
				463135502182180400735782 /* Assets.xcassets in Resources */,
				465992102181F06000B3A3AC /* Main.storyboard in Resources */,
			);
			runOnlyForDeploymentPostprocessing = 0;
		};
/* End PBXResourcesBuildPhase section */

/* Begin PBXShellScriptBuildPhase section */
		10DC1E729FAD6BEC224340A1 /* [CP] Embed Pods Frameworks */ = {
			isa = PBXShellScriptBuildPhase;
			buildActionMask = 2147483647;
			files = (
			);
			inputPaths = (
				"${SRCROOT}/Pods/Target Support Files/Pods-AuthTemplate/Pods-AuthTemplate-frameworks.sh",
				"${BUILT_PRODUCTS_DIR}/Alamofire/Alamofire.framework",
				"${BUILT_PRODUCTS_DIR}/Kingfisher/Kingfisher.framework",
				"${BUILT_PRODUCTS_DIR}/ReactiveCocoa/ReactiveCocoa.framework",
				"${BUILT_PRODUCTS_DIR}/ReactiveSwift/ReactiveSwift.framework",
				"${BUILT_PRODUCTS_DIR}/Realm/Realm.framework",
				"${BUILT_PRODUCTS_DIR}/RealmSwift/RealmSwift.framework",
				"${BUILT_PRODUCTS_DIR}/Result/Result.framework",
				"${BUILT_PRODUCTS_DIR}/Swinject/Swinject.framework",
				"${BUILT_PRODUCTS_DIR}/SwinjectStoryboard/SwinjectStoryboard.framework",
			);
			name = "[CP] Embed Pods Frameworks";
			outputPaths = (
				"${TARGET_BUILD_DIR}/${FRAMEWORKS_FOLDER_PATH}/Alamofire.framework",
				"${TARGET_BUILD_DIR}/${FRAMEWORKS_FOLDER_PATH}/Kingfisher.framework",
				"${TARGET_BUILD_DIR}/${FRAMEWORKS_FOLDER_PATH}/ReactiveCocoa.framework",
				"${TARGET_BUILD_DIR}/${FRAMEWORKS_FOLDER_PATH}/ReactiveSwift.framework",
				"${TARGET_BUILD_DIR}/${FRAMEWORKS_FOLDER_PATH}/Realm.framework",
				"${TARGET_BUILD_DIR}/${FRAMEWORKS_FOLDER_PATH}/RealmSwift.framework",
				"${TARGET_BUILD_DIR}/${FRAMEWORKS_FOLDER_PATH}/Result.framework",
				"${TARGET_BUILD_DIR}/${FRAMEWORKS_FOLDER_PATH}/Swinject.framework",
				"${TARGET_BUILD_DIR}/${FRAMEWORKS_FOLDER_PATH}/SwinjectStoryboard.framework",
			);
			runOnlyForDeploymentPostprocessing = 0;
			shellPath = /bin/sh;
			shellScript = "\"${SRCROOT}/Pods/Target Support Files/Pods-AuthTemplate/Pods-AuthTemplate-frameworks.sh\"\n";
			showEnvVarsInLog = 0;
		};
		28956F35596F03ADF430F833 /* [CP] Copy Pods Resources */ = {
			isa = PBXShellScriptBuildPhase;
			buildActionMask = 2147483647;
			files = (
			);
			inputPaths = (
			);
			name = "[CP] Copy Pods Resources";
			outputPaths = (
			);
			runOnlyForDeploymentPostprocessing = 0;
			shellPath = /bin/sh;
			shellScript = "\"${SRCROOT}/Pods/Target Support Files/Pods-AuthTemplate/Pods-AuthTemplate-resources.sh\"\n";
			showEnvVarsInLog = 0;
		};
		D4A6E840962F4309DA8E23D5 /* [CP] Check Pods Manifest.lock */ = {
			isa = PBXShellScriptBuildPhase;
			buildActionMask = 2147483647;
			files = (
			);
			inputPaths = (
				"${PODS_PODFILE_DIR_PATH}/Podfile.lock",
				"${PODS_ROOT}/Manifest.lock",
			);
			name = "[CP] Check Pods Manifest.lock";
			outputPaths = (
				"$(DERIVED_FILE_DIR)/Pods-AuthTemplate-checkManifestLockResult.txt",
			);
			runOnlyForDeploymentPostprocessing = 0;
			shellPath = /bin/sh;
			shellScript = "diff \"${PODS_PODFILE_DIR_PATH}/Podfile.lock\" \"${PODS_ROOT}/Manifest.lock\" > /dev/null\nif [ $? != 0 ] ; then\n    # print error to STDERR\n    echo \"error: The sandbox is not in sync with the Podfile.lock. Run 'pod install' or update your CocoaPods installation.\" >&2\n    exit 1\nfi\n# This output is used by Xcode 'outputs' to avoid re-running this script phase.\necho \"SUCCESS\" > \"${SCRIPT_OUTPUT_FILE_0}\"\n";
			showEnvVarsInLog = 0;
		};
/* End PBXShellScriptBuildPhase section */

/* Begin PBXSourcesBuildPhase section */
		465992032181F06000B3A3AC /* Sources */ = {
			isa = PBXSourcesBuildPhase;
			buildActionMask = 2147483647;
			files = (
				469C61B92183B732000FA6E9 /* User.swift in Sources */,
				4611FFAE2184EE3100A65989 /* UIViewControllerExtensions.swift in Sources */,
				469C61BC2183B84B000FA6E9 /* Networking.swift in Sources */,
				469C61C62183BBF3000FA6E9 /* ProfileService.swift in Sources */,
				4659920B2181F06000B3A3AC /* AppDelegate.swift in Sources */,
				469C61BF2183B8FB000FA6E9 /* NetworkError.swift in Sources */,
				469C61C82183BC54000FA6E9 /* Constants.swift in Sources */,
				469C61CA2183C182000FA6E9 /* UIButtonExtensions.swift in Sources */,
				46BAC6402183E1DD00F19B53 /* AuthServicing.swift in Sources */,
				46964F332187091200089465 /* AppColors.swift in Sources */,
				469C61C42183BB8A000FA6E9 /* ProfileServicing.swift in Sources */,
				469C61B72183A5C9000FA6E9 /* TextFieldExtensions.swift in Sources */,
				469C61C12183BA52000FA6E9 /* Network.swift in Sources */,
				469C61B42183A009000FA6E9 /* SigninController.swift in Sources */,
				46BAC63E2183E00800F19B53 /* RealmRepository.swift in Sources */,
				469C61CC2183C589000FA6E9 /* ProfileController.swift in Sources */,
				46BAC63C2183DF1E00F19B53 /* StorageRepositoring.swift in Sources */,
				46BAC6422183E27E00F19B53 /* AuthService.swift in Sources */,
			);
			runOnlyForDeploymentPostprocessing = 0;
		};
/* End PBXSourcesBuildPhase section */

/* Begin PBXVariantGroup section */
		4659920E2181F06000B3A3AC /* Main.storyboard */ = {
			isa = PBXVariantGroup;
			children = (
				4659920F2181F06000B3A3AC /* Base */,
			);
			name = Main.storyboard;
			sourceTree = "<group>";
		};
		465992132181F06000B3A3AC /* LaunchScreen.storyboard */ = {
			isa = PBXVariantGroup;
			children = (
				465992142181F06000B3A3AC /* Base */,
			);
			name = LaunchScreen.storyboard;
			sourceTree = "<group>";
		};
/* End PBXVariantGroup section */

/* Begin XCBuildConfiguration section */
		465992172181F06000B3A3AC /* Debug */ = {
			isa = XCBuildConfiguration;
			buildSettings = {
				ALWAYS_SEARCH_USER_PATHS = NO;
				CLANG_ANALYZER_NONNULL = YES;
				CLANG_ANALYZER_NUMBER_OBJECT_CONVERSION = YES_AGGRESSIVE;
				CLANG_CXX_LANGUAGE_STANDARD = "gnu++14";
				CLANG_CXX_LIBRARY = "libc++";
				CLANG_ENABLE_MODULES = YES;
				CLANG_ENABLE_OBJC_ARC = YES;
				CLANG_ENABLE_OBJC_WEAK = YES;
				CLANG_WARN_BLOCK_CAPTURE_AUTORELEASING = YES;
				CLANG_WARN_BOOL_CONVERSION = YES;
				CLANG_WARN_COMMA = YES;
				CLANG_WARN_CONSTANT_CONVERSION = YES;
				CLANG_WARN_DEPRECATED_OBJC_IMPLEMENTATIONS = YES;
				CLANG_WARN_DIRECT_OBJC_ISA_USAGE = YES_ERROR;
				CLANG_WARN_DOCUMENTATION_COMMENTS = YES;
				CLANG_WARN_EMPTY_BODY = YES;
				CLANG_WARN_ENUM_CONVERSION = YES;
				CLANG_WARN_INFINITE_RECURSION = YES;
				CLANG_WARN_INT_CONVERSION = YES;
				CLANG_WARN_NON_LITERAL_NULL_CONVERSION = YES;
				CLANG_WARN_OBJC_IMPLICIT_RETAIN_SELF = YES;
				CLANG_WARN_OBJC_LITERAL_CONVERSION = YES;
				CLANG_WARN_OBJC_ROOT_CLASS = YES_ERROR;
				CLANG_WARN_RANGE_LOOP_ANALYSIS = YES;
				CLANG_WARN_STRICT_PROTOTYPES = YES;
				CLANG_WARN_SUSPICIOUS_MOVE = YES;
				CLANG_WARN_UNGUARDED_AVAILABILITY = YES_AGGRESSIVE;
				CLANG_WARN_UNREACHABLE_CODE = YES;
				CLANG_WARN__DUPLICATE_METHOD_MATCH = YES;
				CODE_SIGN_IDENTITY = "iPhone Developer";
				COPY_PHASE_STRIP = NO;
				DEBUG_INFORMATION_FORMAT = dwarf;
				ENABLE_STRICT_OBJC_MSGSEND = YES;
				ENABLE_TESTABILITY = YES;
				GCC_C_LANGUAGE_STANDARD = gnu11;
				GCC_DYNAMIC_NO_PIC = NO;
				GCC_NO_COMMON_BLOCKS = YES;
				GCC_OPTIMIZATION_LEVEL = 0;
				GCC_PREPROCESSOR_DEFINITIONS = (
					"DEBUG=1",
					"$(inherited)",
				);
				GCC_WARN_64_TO_32_BIT_CONVERSION = YES;
				GCC_WARN_ABOUT_RETURN_TYPE = YES_ERROR;
				GCC_WARN_UNDECLARED_SELECTOR = YES;
				GCC_WARN_UNINITIALIZED_AUTOS = YES_AGGRESSIVE;
				GCC_WARN_UNUSED_FUNCTION = YES;
				GCC_WARN_UNUSED_VARIABLE = YES;
				IPHONEOS_DEPLOYMENT_TARGET = 9.0;
				MTL_ENABLE_DEBUG_INFO = INCLUDE_SOURCE;
				MTL_FAST_MATH = YES;
				ONLY_ACTIVE_ARCH = YES;
				SDKROOT = iphoneos;
				SWIFT_ACTIVE_COMPILATION_CONDITIONS = DEBUG;
				SWIFT_OPTIMIZATION_LEVEL = "-Onone";
				SWIFT_VERSION = 4.0;
			};
			name = Debug;
		};
		465992182181F06000B3A3AC /* Release */ = {
			isa = XCBuildConfiguration;
			buildSettings = {
				ALWAYS_SEARCH_USER_PATHS = NO;
				CLANG_ANALYZER_NONNULL = YES;
				CLANG_ANALYZER_NUMBER_OBJECT_CONVERSION = YES_AGGRESSIVE;
				CLANG_CXX_LANGUAGE_STANDARD = "gnu++14";
				CLANG_CXX_LIBRARY = "libc++";
				CLANG_ENABLE_MODULES = YES;
				CLANG_ENABLE_OBJC_ARC = YES;
				CLANG_ENABLE_OBJC_WEAK = YES;
				CLANG_WARN_BLOCK_CAPTURE_AUTORELEASING = YES;
				CLANG_WARN_BOOL_CONVERSION = YES;
				CLANG_WARN_COMMA = YES;
				CLANG_WARN_CONSTANT_CONVERSION = YES;
				CLANG_WARN_DEPRECATED_OBJC_IMPLEMENTATIONS = YES;
				CLANG_WARN_DIRECT_OBJC_ISA_USAGE = YES_ERROR;
				CLANG_WARN_DOCUMENTATION_COMMENTS = YES;
				CLANG_WARN_EMPTY_BODY = YES;
				CLANG_WARN_ENUM_CONVERSION = YES;
				CLANG_WARN_INFINITE_RECURSION = YES;
				CLANG_WARN_INT_CONVERSION = YES;
				CLANG_WARN_NON_LITERAL_NULL_CONVERSION = YES;
				CLANG_WARN_OBJC_IMPLICIT_RETAIN_SELF = YES;
				CLANG_WARN_OBJC_LITERAL_CONVERSION = YES;
				CLANG_WARN_OBJC_ROOT_CLASS = YES_ERROR;
				CLANG_WARN_RANGE_LOOP_ANALYSIS = YES;
				CLANG_WARN_STRICT_PROTOTYPES = YES;
				CLANG_WARN_SUSPICIOUS_MOVE = YES;
				CLANG_WARN_UNGUARDED_AVAILABILITY = YES_AGGRESSIVE;
				CLANG_WARN_UNREACHABLE_CODE = YES;
				CLANG_WARN__DUPLICATE_METHOD_MATCH = YES;
				CODE_SIGN_IDENTITY = "iPhone Developer";
				COPY_PHASE_STRIP = NO;
				DEBUG_INFORMATION_FORMAT = "dwarf-with-dsym";
				ENABLE_NS_ASSERTIONS = NO;
				ENABLE_STRICT_OBJC_MSGSEND = YES;
				GCC_C_LANGUAGE_STANDARD = gnu11;
				GCC_NO_COMMON_BLOCKS = YES;
				GCC_WARN_64_TO_32_BIT_CONVERSION = YES;
				GCC_WARN_ABOUT_RETURN_TYPE = YES_ERROR;
				GCC_WARN_UNDECLARED_SELECTOR = YES;
				GCC_WARN_UNINITIALIZED_AUTOS = YES_AGGRESSIVE;
				GCC_WARN_UNUSED_FUNCTION = YES;
				GCC_WARN_UNUSED_VARIABLE = YES;
				IPHONEOS_DEPLOYMENT_TARGET = 9.0;
				MTL_ENABLE_DEBUG_INFO = NO;
				MTL_FAST_MATH = YES;
				SDKROOT = iphoneos;
				SWIFT_COMPILATION_MODE = wholemodule;
				SWIFT_OPTIMIZATION_LEVEL = "-O";
				SWIFT_VERSION = 4.0;
				VALIDATE_PRODUCT = YES;
			};
			name = Release;
		};
		4659921A2181F06000B3A3AC /* Debug */ = {
			isa = XCBuildConfiguration;
			baseConfigurationReference = AAC7E9088314CD7F320DCD40 /* Pods-AuthTemplate.debug.xcconfig */;
			buildSettings = {
				ASSETCATALOG_COMPILER_APPICON_NAME = AppIcon;
				CODE_SIGN_STYLE = Automatic;
				INFOPLIST_FILE = AuthTemplate/Info.plist;
				LD_RUNPATH_SEARCH_PATHS = (
					"$(inherited)",
					"@executable_path/Frameworks",
				);
				PRODUCT_BUNDLE_IDENTIFIER = com.freeman.AuthTemplate;
				PRODUCT_NAME = "$(TARGET_NAME)";
				SWIFT_VERSION = 4.0;
				TARGETED_DEVICE_FAMILY = "1,2";
			};
			name = Debug;
		};
		4659921B2181F06000B3A3AC /* Release */ = {
			isa = XCBuildConfiguration;
			baseConfigurationReference = 2A6CB2D452704338BB0C452A /* Pods-AuthTemplate.release.xcconfig */;
			buildSettings = {
				ASSETCATALOG_COMPILER_APPICON_NAME = AppIcon;
				CODE_SIGN_STYLE = Automatic;
				INFOPLIST_FILE = AuthTemplate/Info.plist;
				LD_RUNPATH_SEARCH_PATHS = (
					"$(inherited)",
					"@executable_path/Frameworks",
				);
				PRODUCT_BUNDLE_IDENTIFIER = com.freeman.AuthTemplate;
				PRODUCT_NAME = "$(TARGET_NAME)";
				SWIFT_VERSION = 4.0;
				TARGETED_DEVICE_FAMILY = "1,2";
			};
			name = Release;
		};
/* End XCBuildConfiguration section */

/* Begin XCConfigurationList section */
		465992022181F06000B3A3AC /* Build configuration list for PBXProject "AuthTemplate" */ = {
			isa = XCConfigurationList;
			buildConfigurations = (
				465992172181F06000B3A3AC /* Debug */,
				465992182181F06000B3A3AC /* Release */,
			);
			defaultConfigurationIsVisible = 0;
			defaultConfigurationName = Release;
		};
		465992192181F06000B3A3AC /* Build configuration list for PBXNativeTarget "AuthTemplate" */ = {
			isa = XCConfigurationList;
			buildConfigurations = (
				4659921A2181F06000B3A3AC /* Debug */,
				4659921B2181F06000B3A3AC /* Release */,
			);
			defaultConfigurationIsVisible = 0;
			defaultConfigurationName = Release;
		};
/* End XCConfigurationList section */
	};
	rootObject = 465991FF2181F06000B3A3AC /* Project object */;
}
